# This file is autogenerated, do not edit; changes may be undone by the next 'dep ensure'.


[[projects]]
  name = "github.com/fatih/pool"
  packages = ["."]
  revision = "010e0b745d12eaf8426c95f9c3924d81dd0b668f"
  version = "v2.0.0"

[solve-meta]
  analyzer-name = "dep"
  analyzer-version = 1
  inputs-digest = "8458ef94a9055a91c9172b9ea46fab8564e836890d79f9a8406b8da8e6823e95"
  solver-name = "gps-cdcl"
  solver-version = 1
